
Microsoft Visual Studio Solution File, Format Version 12.00
# Visual Studio 15
VisualStudioVersion = 15.0.27130.2027
MinimumVisualStudioVersion = 10.0.40219.1
Project("{9A19103F-16F7-4668-BE54-9A1E7A4F7556}") = "Sitecore.Commerce.Engine", "src\Sitecore.Commerce.Engine\Sitecore.Commerce.Engine.csproj", "{716A5251-6B74-4A08-A83A-8526AA89E434}"
EndProject
Project("{9A19103F-16F7-4668-BE54-9A1E7A4F7556}") = "Plugin.Sample.Habitat", "src\Plugin.Sample.Habitat\Plugin.Sample.Habitat.csproj", "{D7114603-EAFB-4502-9163-5258AF358BDB}"
EndProject
Global
	GlobalSection(SolutionConfigurationPlatforms) = preSolution
		Debug|Any CPU = Debug|Any CPU
		Release|Any CPU = Release|Any CPU
	EndGlobalSection
	GlobalSection(ProjectConfigurationPlatforms) = postSolution
		{716A5251-6B74-4A08-A83A-8526AA89E434}.Debug|Any CPU.ActiveCfg = Debug|Any CPU
		{716A5251-6B74-4A08-A83A-8526AA89E434}.Debug|Any CPU.Build.0 = Debug|Any CPU
		{716A5251-6B74-4A08-A83A-8526AA89E434}.Release|Any CPU.ActiveCfg = Release|Any CPU
		{716A5251-6B74-4A08-A83A-8526AA89E434}.Release|Any CPU.Build.0 = Release|Any CPU
		{D7114603-EAFB-4502-9163-5258AF358BDB}.Debug|Any CPU.ActiveCfg = Debug|Any CPU
		{D7114603-EAFB-4502-9163-5258AF358BDB}.Debug|Any CPU.Build.0 = Debug|Any CPU
		{D7114603-EAFB-4502-9163-5258AF358BDB}.Release|Any CPU.ActiveCfg = Release|Any CPU
		{D7114603-EAFB-4502-9163-5258AF358BDB}.Release|Any CPU.Build.0 = Release|Any CPU
	EndGlobalSection
	GlobalSection(SolutionProperties) = preSolution
		HideSolutionNode = FALSE
	EndGlobalSection
	GlobalSection(ExtensibilityGlobals) = postSolution
		SolutionGuid = {C6D7E4DA-C9DA-4B95-99A6-979EF20FE124}
	EndGlobalSection
EndGlobal
